
Microsoft Visual Studio Solution File, Format Version 12.00
# Visual Studio Version 17
VisualStudioVersion = 17.5.002.0
MinimumVisualStudioVersion = 10.0.40219.1
Project("{9A19103F-16F7-4668-BE54-9A1E7A4F7556}") = "QuotesApp", "QuotesApp.csproj", "{409A71DD-EFF7-4B58-8CDE-7560EA01EE3D}"
EndProject
Global
	GlobalSection(SolutionConfigurationPlatforms) = preSolution
		Debug|Any CPU = Debug|Any CPU
		Release|Any CPU = Release|Any CPU
	EndGlobalSection
	GlobalSection(ProjectConfigurationPlatforms) = postSolution
		{409A71DD-EFF7-4B58-8CDE-7560EA01EE3D}.Debug|Any CPU.ActiveCfg = Debug|Any CPU
		{409A71DD-EFF7-4B58-8CDE-7560EA01EE3D}.Debug|Any CPU.Build.0 = Debug|Any CPU
		{409A71DD-EFF7-4B58-8CDE-7560EA01EE3D}.Release|Any CPU.ActiveCfg = Release|Any CPU
		{409A71DD-EFF7-4B58-8CDE-7560EA01EE3D}.Release|Any CPU.Build.0 = Release|Any CPU
	EndGlobalSection
	GlobalSection(SolutionProperties) = preSolution
		HideSolutionNode = FALSE
	EndGlobalSection
	GlobalSection(ExtensibilityGlobals) = postSolution
		SolutionGuid = {7FFEBF2F-BB0F-40DC-BD2A-8256BF502695}
	EndGlobalSection
EndGlobal
