
Microsoft Visual Studio Solution File, Format Version 12.00
# Visual Studio Version 17
VisualStudioVersion = 17.5.002.0
MinimumVisualStudioVersion = 10.0.40219.1
Project("{9A19103F-16F7-4668-BE54-9A1E7A4F7556}") = "MyRazorApp", "MyRazorApp.csproj", "{B169B209-D4E7-4197-BD75-7D712349EF04}"
EndProject
Global
	GlobalSection(SolutionConfigurationPlatforms) = preSolution
		Debug|Any CPU = Debug|Any CPU
		Release|Any CPU = Release|Any CPU
	EndGlobalSection
	GlobalSection(ProjectConfigurationPlatforms) = postSolution
		{B169B209-D4E7-4197-BD75-7D712349EF04}.Debug|Any CPU.ActiveCfg = Debug|Any CPU
		{B169B209-D4E7-4197-BD75-7D712349EF04}.Debug|Any CPU.Build.0 = Debug|Any CPU
		{B169B209-D4E7-4197-BD75-7D712349EF04}.Release|Any CPU.ActiveCfg = Release|Any CPU
		{B169B209-D4E7-4197-BD75-7D712349EF04}.Release|Any CPU.Build.0 = Release|Any CPU
	EndGlobalSection
	GlobalSection(SolutionProperties) = preSolution
		HideSolutionNode = FALSE
	EndGlobalSection
	GlobalSection(ExtensibilityGlobals) = postSolution
		SolutionGuid = {6156DFBB-F4E7-429F-A27B-ECBEA0C2F62C}
	EndGlobalSection
EndGlobal
